{
			"name": "umgebungsplaene",
			"version": "0.9.0",
			"lockfileVersion": 1,
			"requires": true,
			"dependencies": {
						"Leaflet.vector-markers": {
									"version": "git://github.com/kbooz/Leaflet.vector-markers.git#00ab848d97091261ac975be29c0324b95820613f",
									"requires": {
												"leaflet": "0.7.7"
									}
						},
						"bootstrap": {
									"version": "3.4.1",
									"resolved": "https://registry.npmjs.org/bootstrap/-/bootstrap-3.4.1.tgz",
									"integrity": "sha512-yN5oZVmRCwe5aKwzRj6736nSmKDX7pLYwsXiCj/EYmo16hODaBiT4En5btW/jhBF/seV+XMx3aYwukYC3A49DA=="
						},
						"bootstrap-select": {
									"version": "1.13.12",
									"resolved": "https://registry.npmjs.org/bootstrap-select/-/bootstrap-select-1.13.12.tgz",
									"integrity": "sha512-epsPt6WpgmL9Q9Y22JFntajdhhqvCwV/JKiBZF3YFvMHK9YzzDPQft/Cjqvsgq0bhF32BlvG03Qs3qA/pVRAqQ=="
						},
						"file-saver": {
									"version": "1.3.2",
									"resolved": "https://registry.npmjs.org/file-saver/-/file-saver-1.3.2.tgz",
									"integrity": "sha1-s0kXubKSyvFnWJPGDqclQQOy3pg="
						},
						"font-awesome": {
									"version": "4.7.0",
									"resolved": "https://registry.npmjs.org/font-awesome/-/font-awesome-4.7.0.tgz",
									"integrity": "sha1-j6jPBBGhoxr9B7BtKQK7n8gVoTM="
						},
						"jquery": {
									"version": "1.12.4",
									"resolved": "https://registry.npmjs.org/jquery/-/jquery-1.12.4.tgz",
									"integrity": "sha1-AeHfuikP5z3rp3zurLD5ui/sngw="
						},
						"jquery-ui-dist": {
									"version": "1.12.1",
									"resolved": "https://registry.npmjs.org/jquery-ui-dist/-/jquery-ui-dist-1.12.1.tgz",
									"integrity": "sha1-XAgV08xvkP9fqvWyaKbiO0ypBPo="
						},
						"jquery.fancytree": {
									"version": "2.18.0",
									"resolved": "https://registry.npmjs.org/jquery.fancytree/-/jquery.fancytree-2.18.0.tgz",
									"integrity": "sha1-P2VeE1owhdbEEfGQBF14jdi95Ro="
						},
						"leaflet": {
									"version": "0.7.7",
									"resolved": "https://registry.npmjs.org/leaflet/-/leaflet-0.7.7.tgz",
									"integrity": "sha1-HjUrpU5j0HZFH6NjyQCJDLLPde4="
						},
						"leaflet-easybutton": {
									"version": "1.3.2",
									"resolved": "https://registry.npmjs.org/leaflet-easybutton/-/leaflet-easybutton-1.3.2.tgz",
									"integrity": "sha1-IIT1LdXQF1q3YrsK8xSvvbGRqHo=",
									"requires": {
												"leaflet": "0.7.7"
									}
						},
						"leaflet-providers": {
									"version": "1.9.0",
									"resolved": "https://registry.npmjs.org/leaflet-providers/-/leaflet-providers-1.9.0.tgz",
									"integrity": "sha512-S7rGelBezzjH7vXLa0uA9dQ3lYgdqvmt8JZLjcm63VBcnRNz/c897mCycYp6AtDfkH2b0rz9eFzzkWHfHaoozg=="
						},
						"leaflet-search": {
									"version": "1.9.8",
									"resolved": "https://registry.npmjs.org/leaflet-search/-/leaflet-search-1.9.8.tgz",
									"integrity": "sha1-rz0a8SHkH06IS1AWRuT0Oj3fXqQ=",
									"requires": {
												"leaflet": "0.7.7"
									}
						},
						"leaflet.active-layers": {
									"version": "0.3.0",
									"resolved": "https://registry.npmjs.org/leaflet.active-layers/-/leaflet.active-layers-0.3.0.tgz",
									"integrity": "sha1-BginGPgHHA2jtEIOASJaLwvk8HA=",
									"requires": {
												"leaflet": "0.7.7"
									}
						},
						"ui-contextmenu": {
									"version": "1.18.1",
									"resolved": "https://registry.npmjs.org/ui-contextmenu/-/ui-contextmenu-1.18.1.tgz",
									"integrity": "sha512-VoFu/71cTgCkfTBO7Q1huIosW78eIO6TLHfGIjEG57nVi7OdkcTFAKEgjCKaiwMJw3jvlZniUoJfzLXL/i+eYQ==",
									"requires": {
												"jquery": "1.12.4"
									}
						},
						"vbap-jpicker": {
									"version": "1.3.3",
									"resolved": "https://registry.npmjs.org/vbap-jpicker/-/vbap-jpicker-1.3.3.tgz",
									"integrity": "sha1-HEz6GiukO5OqXddihnyH9DhuoG0="
						}
			}
}
