{
			"name": "umgebungsplaene",
			"version": "0.9.0",
			"lockfileVersion": 2,
			"requires": true,
			"packages": {
						"": {
									"name": "umgebungsplaene",
									"version": "0.9.0",
									"license": "MIT",
									"dependencies": {
												"bootstrap": "^3.0.0",
												"bootstrap-select": "^1.10.0",
												"file-saver": "1.3.2",
												"font-awesome": "^4.6.3",
												"gettext.js": "^1.2.0",
												"jquery": "^3.5.0",
												"jquery-ui-dist": "^1.12.0",
												"jquery.fancytree": "2.18.0",
												"leaflet": "^0.7.7",
												"leaflet-easybutton": "^1.2.0",
												"leaflet-providers": "^1.1.15",
												"leaflet-search": "^1.9.8",
												"leaflet.active-layers": "^0.3.0",
												"Leaflet.vector-markers": "^0.0.5",
												"ui-contextmenu": "^1.11.0",
												"vbap-jpicker": "^1.1.6"
									},
									"devDependencies": {}
						},
						"node_modules/bootstrap": {
									"version": "3.4.1",
									"resolved": "https://registry.npmjs.org/bootstrap/-/bootstrap-3.4.1.tgz",
									"integrity": "sha512-yN5oZVmRCwe5aKwzRj6736nSmKDX7pLYwsXiCj/EYmo16hODaBiT4En5btW/jhBF/seV+XMx3aYwukYC3A49DA==",
									"engines": {
												"node": ">=6"
									}
						},
						"node_modules/bootstrap-select": {
									"version": "1.13.18",
									"resolved": "https://registry.npmjs.org/bootstrap-select/-/bootstrap-select-1.13.18.tgz",
									"integrity": "sha512-V1IzK4rxBq5FrJtkzSH6RmFLFBsjx50byFbfAf8jYyXROWs7ZpprGjdHeoyq2HSsHyjJhMMwjsQhRoYAfxCGow==",
									"peerDependencies": {
												"bootstrap": ">=3.0.0",
												"jquery": "1.9.1 - 3"
									}
						},
						"node_modules/commander": {
									"version": "6.2.1",
									"resolved": "https://registry.npmjs.org/commander/-/commander-6.2.1.tgz",
									"integrity": "sha512-U7VdrJFnJgo4xjrHpTzu0yrHPGImdsmD95ZlgYSEajAn2JKzDhDTPG9kBTefmObL2w/ngeZnilk+OV9CG3d7UA==",
									"engines": {
												"node": ">= 6"
									}
						},
						"node_modules/encoding": {
									"version": "0.1.13",
									"resolved": "https://registry.npmjs.org/encoding/-/encoding-0.1.13.tgz",
									"integrity": "sha512-ETBauow1T35Y/WZMkio9jiM0Z5xjHHmJ4XmjZOq1l/dXz3lr2sRn87nJy20RupqSh1F2m3HHPSp8ShIPQJrJ3A==",
									"dependencies": {
												"iconv-lite": "^0.6.2"
									}
						},
						"node_modules/file-saver": {
									"version": "1.3.2",
									"resolved": "https://registry.npmjs.org/file-saver/-/file-saver-1.3.2.tgz",
									"integrity": "sha512-bFgwnCwnV4JiK2YUAPM1tW70yQMSZFyyfFh7JpCfWZ5XMLmzoG9/KKNGIgaj/AcKFcaen1C2dXijOI8KYHYGpA=="
						},
						"node_modules/font-awesome": {
									"version": "4.7.0",
									"resolved": "https://registry.npmjs.org/font-awesome/-/font-awesome-4.7.0.tgz",
									"integrity": "sha512-U6kGnykA/6bFmg1M/oT9EkFeIYv7JlX3bozwQJWiiLz6L0w3F5vBVPxHlwyX/vtNq1ckcpRKOB9f2Qal/VtFpg==",
									"engines": {
												"node": ">=0.10.3"
									}
						},
						"node_modules/gettext-parser": {
									"version": "2.0.0",
									"resolved": "https://registry.npmjs.org/gettext-parser/-/gettext-parser-2.0.0.tgz",
									"integrity": "sha512-FDs/7XjNw58ToQwJFO7avZZbPecSYgw8PBYhd0An+4JtZSrSzKhEvTsVV2uqdO7VziWTOGSgLGD5YRPdsCjF7Q==",
									"dependencies": {
												"encoding": "^0.1.12",
												"safe-buffer": "^5.1.2"
									}
						},
						"node_modules/gettext-to-messageformat": {
									"version": "0.3.1",
									"resolved": "https://registry.npmjs.org/gettext-to-messageformat/-/gettext-to-messageformat-0.3.1.tgz",
									"integrity": "sha512-UyqIL3Ul4NryU95Wome/qtlcuVIqgEWVIFw0zi7Lv14ACLXfaVDCbrjZ7o+3BZ7u+4NS1mP/2O1eXZoHCoas8g==",
									"dependencies": {
												"gettext-parser": "^1.4.0"
									},
									"engines": {
												"node": ">=6.0"
									}
						},
						"node_modules/gettext-to-messageformat/node_modules/gettext-parser": {
									"version": "1.4.0",
									"resolved": "https://registry.npmjs.org/gettext-parser/-/gettext-parser-1.4.0.tgz",
									"integrity": "sha512-sedZYLHlHeBop/gZ1jdg59hlUEcpcZJofLq2JFwJT1zTqAU3l2wFv6IsuwFHGqbiT9DWzMUW4/em2+hspnmMMA==",
									"dependencies": {
												"encoding": "^0.1.12",
												"safe-buffer": "^5.1.1"
									}
						},
						"node_modules/gettext.js": {
									"version": "1.2.0",
									"resolved": "https://registry.npmjs.org/gettext.js/-/gettext.js-1.2.0.tgz",
									"integrity": "sha512-qOafHtn/xsXKiBOFO8enhdx8k09ViBYSnckhn4pn/QLCpQMF8S87q9f4cE2pVgbqWD9/9SyGpWRO0nWJsEDmlg==",
									"dependencies": {
												"po2json": "^1.0.0-beta-3"
									},
									"bin": {
												"po2json-gettextjs": "bin/po2json"
									}
						},
						"node_modules/iconv-lite": {
									"version": "0.6.3",
									"resolved": "https://registry.npmjs.org/iconv-lite/-/iconv-lite-0.6.3.tgz",
									"integrity": "sha512-4fCk79wshMdzMp2rH06qWrJE4iolqLhCUH+OiuIgU++RB0+94NlDL81atO7GX55uUKueo0txHNtvEyI6D7WdMw==",
									"dependencies": {
												"safer-buffer": ">= 2.1.2 < 3.0.0"
									},
									"engines": {
												"node": ">=0.10.0"
									}
						},
						"node_modules/jquery": {
									"version": "3.6.3",
									"resolved": "https://registry.npmjs.org/jquery/-/jquery-3.6.3.tgz",
									"integrity": "sha512-bZ5Sy3YzKo9Fyc8wH2iIQK4JImJ6R0GWI9kL1/k7Z91ZBNgkRXE6U0JfHIizZbort8ZunhSI3jw9I6253ahKfg=="
						},
						"node_modules/jquery-ui-dist": {
									"version": "1.13.2",
									"resolved": "https://registry.npmjs.org/jquery-ui-dist/-/jquery-ui-dist-1.13.2.tgz",
									"integrity": "sha512-oVDRd1NLtTbBwpRKAYdIRgpWVDzeBhfy7Gu0RmY6JEaZtmBq6kDn1pm5SgDiAotrnDS+RoTRXO6xvcNTxA9tOA==",
									"dependencies": {
												"jquery": ">=1.8.0 <4.0.0"
									}
						},
						"node_modules/jquery.fancytree": {
									"version": "2.18.0",
									"resolved": "https://registry.npmjs.org/jquery.fancytree/-/jquery.fancytree-2.18.0.tgz",
									"integrity": "sha512-thZThwhAintFCB7wOBDh+Ibq9H+0hi6bnqsDDZfGW63tyXFijy7LZKNxZAuIoPXJyUfmfHHBpuZEYzyg6LjmkA=="
						},
						"node_modules/leaflet": {
									"version": "0.7.7",
									"resolved": "https://registry.npmjs.org/leaflet/-/leaflet-0.7.7.tgz",
									"integrity": "sha512-H1lR7J5VxhvQJQHlW2UywtxO63zilLrnwVsDvjKeyfntffj63Ml94gCk9YPYWBkiQgxisdiA8aJ30Zoou4VhEA=="
						},
						"node_modules/leaflet-easybutton": {
									"version": "1.3.2",
									"resolved": "https://registry.npmjs.org/leaflet-easybutton/-/leaflet-easybutton-1.3.2.tgz",
									"integrity": "sha512-xL1nPouqdUslBmk0wt4iMblvAJKEVTXb0PGpV9YO6egpDHG+SMlKsQX5TXCpo2cfKwB6bD77uCnrtE3gSk7Qog==",
									"dependencies": {
												"leaflet": "^0.7.5"
									}
						},
						"node_modules/leaflet-providers": {
									"version": "1.13.0",
									"resolved": "https://registry.npmjs.org/leaflet-providers/-/leaflet-providers-1.13.0.tgz",
									"integrity": "sha512-f/sN5wdgBbVA2jcCYzScIfYNxKdn2wBJP9bu+5cRX9Xj6g8Bt1G9Sr8WgJAt/ckIFIc3LVVxCBNFpSCfTuUElg=="
						},
						"node_modules/leaflet-search": {
									"version": "1.9.8",
									"resolved": "https://registry.npmjs.org/leaflet-search/-/leaflet-search-1.9.8.tgz",
									"integrity": "sha512-7w2/F7tZl2BBxgHwIxiW++kIzTG7fAiwAJddfXwgrCfNQFXz7C6hJuD1wlCVrOAe5eIkLHH2JMIiiks/XHvY/Q==",
									"dependencies": {
												"leaflet": "*"
									}
						},
						"node_modules/leaflet.active-layers": {
									"version": "0.3.2",
									"resolved": "https://registry.npmjs.org/leaflet.active-layers/-/leaflet.active-layers-0.3.2.tgz",
									"integrity": "sha512-Go1zZIWWha5umfm76RFhPqwRUIfQ+sA7MS44j2BmdQ9xFYhhu9Mt0o+xs2lxYDoqQZPySwoQ02WT1fiFhoC60w==",
									"dependencies": {
												"leaflet": "^1.7.1"
									}
						},
						"node_modules/leaflet.active-layers/node_modules/leaflet": {
									"version": "1.9.3",
									"resolved": "https://registry.npmjs.org/leaflet/-/leaflet-1.9.3.tgz",
									"integrity": "sha512-iB2cR9vAkDOu5l3HAay2obcUHZ7xwUBBjph8+PGtmW/2lYhbLizWtG7nTeYht36WfOslixQF9D/uSIzhZgGMfQ=="
						},
						"node_modules/Leaflet.vector-markers": {
									"version": "0.0.5",
									"resolved": "https://registry.npmjs.org/Leaflet.vector-markers/-/Leaflet.vector-markers-0.0.5.tgz",
									"integrity": "sha512-cOF2ufuUf2RmtkCnPJAAAf3dDySvx08opIB6WOTun75o546EWqMUjD5VPXfIPwJMc89G7Haso1Xl5TWrsZK5zw==",
									"dependencies": {
												"leaflet": "^0.7.0"
									},
									"peerDependencies": {
												"leaflet": "^0.7.0"
									}
						},
						"node_modules/po2json": {
									"version": "1.0.0-beta-3",
									"resolved": "https://registry.npmjs.org/po2json/-/po2json-1.0.0-beta-3.tgz",
									"integrity": "sha512-taS8y6ZEGzPAs0rygW9CuUPY8C3Zgx6cBy31QXxG2JlWS3fLxj/kuD3cbIfXBg30PuYN7J5oyBa/TIRjyqFFtg==",
									"dependencies": {
												"commander": "^6.0.0",
												"gettext-parser": "2.0.0",
												"gettext-to-messageformat": "0.3.1"
									},
									"bin": {
												"po2json": "bin/po2json"
									},
									"engines": {
												"node": ">=10.0"
									},
									"peerDependencies": {
												"commander": "^6.0.0",
												"gettext-parser": "2.0.0",
												"gettext-to-messageformat": "0.3.1"
									}
						},
						"node_modules/safe-buffer": {
									"version": "5.2.1",
									"resolved": "https://registry.npmjs.org/safe-buffer/-/safe-buffer-5.2.1.tgz",
									"integrity": "sha512-rp3So07KcdmmKbGvgaNxQSJr7bGVSVk5S9Eq1F+ppbRo70+YeaDxkw5Dd8NPN+GD6bjnYm2VuPuCXmpuYvmCXQ==",
									"funding": [
												{
															"type": "github",
															"url": "https://github.com/sponsors/feross"
												},
												{
															"type": "patreon",
															"url": "https://www.patreon.com/feross"
												},
												{
															"type": "consulting",
															"url": "https://feross.org/support"
												}
									]
						},
						"node_modules/safer-buffer": {
									"version": "2.1.2",
									"resolved": "https://registry.npmjs.org/safer-buffer/-/safer-buffer-2.1.2.tgz",
									"integrity": "sha512-YZo3K82SD7Riyi0E1EQPojLz7kpepnSQI9IyPbHHg1XXXevb5dJI7tpyN2ADxGcQbHG7vcyRHk0cbwqcQriUtg=="
						},
						"node_modules/ui-contextmenu": {
									"version": "1.18.1",
									"resolved": "https://registry.npmjs.org/ui-contextmenu/-/ui-contextmenu-1.18.1.tgz",
									"integrity": "sha512-VoFu/71cTgCkfTBO7Q1huIosW78eIO6TLHfGIjEG57nVi7OdkcTFAKEgjCKaiwMJw3jvlZniUoJfzLXL/i+eYQ==",
									"dependencies": {
												"jquery": ">=1.7"
									}
						},
						"node_modules/vbap-jpicker": {
									"version": "1.3.3",
									"resolved": "https://registry.npmjs.org/vbap-jpicker/-/vbap-jpicker-1.3.3.tgz",
									"integrity": "sha512-CLGpEOpXUCx0jCDblV1CkQ6QQvEFwfegIiBDwsiOoTG+ddsXh2asExGZTj4zePFMOTy+/pO9kiSTG9ATjdYPfA=="
						}
			},
			"dependencies": {
						"bootstrap": {
									"version": "3.4.1",
									"resolved": "https://registry.npmjs.org/bootstrap/-/bootstrap-3.4.1.tgz",
									"integrity": "sha512-yN5oZVmRCwe5aKwzRj6736nSmKDX7pLYwsXiCj/EYmo16hODaBiT4En5btW/jhBF/seV+XMx3aYwukYC3A49DA=="
						},
						"bootstrap-select": {
									"version": "1.13.18",
									"resolved": "https://registry.npmjs.org/bootstrap-select/-/bootstrap-select-1.13.18.tgz",
									"integrity": "sha512-V1IzK4rxBq5FrJtkzSH6RmFLFBsjx50byFbfAf8jYyXROWs7ZpprGjdHeoyq2HSsHyjJhMMwjsQhRoYAfxCGow==",
									"requires": {}
						},
						"commander": {
									"version": "6.2.1",
									"resolved": "https://registry.npmjs.org/commander/-/commander-6.2.1.tgz",
									"integrity": "sha512-U7VdrJFnJgo4xjrHpTzu0yrHPGImdsmD95ZlgYSEajAn2JKzDhDTPG9kBTefmObL2w/ngeZnilk+OV9CG3d7UA=="
						},
						"encoding": {
									"version": "0.1.13",
									"resolved": "https://registry.npmjs.org/encoding/-/encoding-0.1.13.tgz",
									"integrity": "sha512-ETBauow1T35Y/WZMkio9jiM0Z5xjHHmJ4XmjZOq1l/dXz3lr2sRn87nJy20RupqSh1F2m3HHPSp8ShIPQJrJ3A==",
									"requires": {
												"iconv-lite": "^0.6.2"
									}
						},
						"file-saver": {
									"version": "1.3.2",
									"resolved": "https://registry.npmjs.org/file-saver/-/file-saver-1.3.2.tgz",
									"integrity": "sha512-bFgwnCwnV4JiK2YUAPM1tW70yQMSZFyyfFh7JpCfWZ5XMLmzoG9/KKNGIgaj/AcKFcaen1C2dXijOI8KYHYGpA=="
						},
						"font-awesome": {
									"version": "4.7.0",
									"resolved": "https://registry.npmjs.org/font-awesome/-/font-awesome-4.7.0.tgz",
									"integrity": "sha512-U6kGnykA/6bFmg1M/oT9EkFeIYv7JlX3bozwQJWiiLz6L0w3F5vBVPxHlwyX/vtNq1ckcpRKOB9f2Qal/VtFpg=="
						},
						"gettext-parser": {
									"version": "2.0.0",
									"resolved": "https://registry.npmjs.org/gettext-parser/-/gettext-parser-2.0.0.tgz",
									"integrity": "sha512-FDs/7XjNw58ToQwJFO7avZZbPecSYgw8PBYhd0An+4JtZSrSzKhEvTsVV2uqdO7VziWTOGSgLGD5YRPdsCjF7Q==",
									"requires": {
												"encoding": "^0.1.12",
												"safe-buffer": "^5.1.2"
									}
						},
						"gettext-to-messageformat": {
									"version": "0.3.1",
									"resolved": "https://registry.npmjs.org/gettext-to-messageformat/-/gettext-to-messageformat-0.3.1.tgz",
									"integrity": "sha512-UyqIL3Ul4NryU95Wome/qtlcuVIqgEWVIFw0zi7Lv14ACLXfaVDCbrjZ7o+3BZ7u+4NS1mP/2O1eXZoHCoas8g==",
									"requires": {
												"gettext-parser": "^1.4.0"
									},
									"dependencies": {
												"gettext-parser": {
															"version": "1.4.0",
															"resolved": "https://registry.npmjs.org/gettext-parser/-/gettext-parser-1.4.0.tgz",
															"integrity": "sha512-sedZYLHlHeBop/gZ1jdg59hlUEcpcZJofLq2JFwJT1zTqAU3l2wFv6IsuwFHGqbiT9DWzMUW4/em2+hspnmMMA==",
															"requires": {
																		"encoding": "^0.1.12",
																		"safe-buffer": "^5.1.1"
															}
												}
									}
						},
						"gettext.js": {
									"version": "1.2.0",
									"resolved": "https://registry.npmjs.org/gettext.js/-/gettext.js-1.2.0.tgz",
									"integrity": "sha512-qOafHtn/xsXKiBOFO8enhdx8k09ViBYSnckhn4pn/QLCpQMF8S87q9f4cE2pVgbqWD9/9SyGpWRO0nWJsEDmlg==",
									"requires": {
												"po2json": "^1.0.0-beta-3"
									}
						},
						"iconv-lite": {
									"version": "0.6.3",
									"resolved": "https://registry.npmjs.org/iconv-lite/-/iconv-lite-0.6.3.tgz",
									"integrity": "sha512-4fCk79wshMdzMp2rH06qWrJE4iolqLhCUH+OiuIgU++RB0+94NlDL81atO7GX55uUKueo0txHNtvEyI6D7WdMw==",
									"requires": {
												"safer-buffer": ">= 2.1.2 < 3.0.0"
									}
						},
						"jquery": {
									"version": "3.6.3",
									"resolved": "https://registry.npmjs.org/jquery/-/jquery-3.6.3.tgz",
									"integrity": "sha512-bZ5Sy3YzKo9Fyc8wH2iIQK4JImJ6R0GWI9kL1/k7Z91ZBNgkRXE6U0JfHIizZbort8ZunhSI3jw9I6253ahKfg=="
						},
						"jquery-ui-dist": {
									"version": "1.13.2",
									"resolved": "https://registry.npmjs.org/jquery-ui-dist/-/jquery-ui-dist-1.13.2.tgz",
									"integrity": "sha512-oVDRd1NLtTbBwpRKAYdIRgpWVDzeBhfy7Gu0RmY6JEaZtmBq6kDn1pm5SgDiAotrnDS+RoTRXO6xvcNTxA9tOA==",
									"requires": {
												"jquery": ">=1.8.0 <4.0.0"
									}
						},
						"jquery.fancytree": {
									"version": "2.18.0",
									"resolved": "https://registry.npmjs.org/jquery.fancytree/-/jquery.fancytree-2.18.0.tgz",
									"integrity": "sha512-thZThwhAintFCB7wOBDh+Ibq9H+0hi6bnqsDDZfGW63tyXFijy7LZKNxZAuIoPXJyUfmfHHBpuZEYzyg6LjmkA=="
						},
						"leaflet": {
									"version": "0.7.7",
									"resolved": "https://registry.npmjs.org/leaflet/-/leaflet-0.7.7.tgz",
									"integrity": "sha512-H1lR7J5VxhvQJQHlW2UywtxO63zilLrnwVsDvjKeyfntffj63Ml94gCk9YPYWBkiQgxisdiA8aJ30Zoou4VhEA=="
						},
						"leaflet-easybutton": {
									"version": "1.3.2",
									"resolved": "https://registry.npmjs.org/leaflet-easybutton/-/leaflet-easybutton-1.3.2.tgz",
									"integrity": "sha512-xL1nPouqdUslBmk0wt4iMblvAJKEVTXb0PGpV9YO6egpDHG+SMlKsQX5TXCpo2cfKwB6bD77uCnrtE3gSk7Qog==",
									"requires": {
												"leaflet": "^0.7.5"
									}
						},
						"leaflet-providers": {
									"version": "1.13.0",
									"resolved": "https://registry.npmjs.org/leaflet-providers/-/leaflet-providers-1.13.0.tgz",
									"integrity": "sha512-f/sN5wdgBbVA2jcCYzScIfYNxKdn2wBJP9bu+5cRX9Xj6g8Bt1G9Sr8WgJAt/ckIFIc3LVVxCBNFpSCfTuUElg=="
						},
						"leaflet-search": {
									"version": "1.9.8",
									"resolved": "https://registry.npmjs.org/leaflet-search/-/leaflet-search-1.9.8.tgz",
									"integrity": "sha512-7w2/F7tZl2BBxgHwIxiW++kIzTG7fAiwAJddfXwgrCfNQFXz7C6hJuD1wlCVrOAe5eIkLHH2JMIiiks/XHvY/Q==",
									"requires": {
												"leaflet": "*"
									}
						},
						"leaflet.active-layers": {
									"version": "0.3.2",
									"resolved": "https://registry.npmjs.org/leaflet.active-layers/-/leaflet.active-layers-0.3.2.tgz",
									"integrity": "sha512-Go1zZIWWha5umfm76RFhPqwRUIfQ+sA7MS44j2BmdQ9xFYhhu9Mt0o+xs2lxYDoqQZPySwoQ02WT1fiFhoC60w==",
									"requires": {
												"leaflet": "^1.7.1"
									},
									"dependencies": {
												"leaflet": {
															"version": "1.9.3",
															"resolved": "https://registry.npmjs.org/leaflet/-/leaflet-1.9.3.tgz",
															"integrity": "sha512-iB2cR9vAkDOu5l3HAay2obcUHZ7xwUBBjph8+PGtmW/2lYhbLizWtG7nTeYht36WfOslixQF9D/uSIzhZgGMfQ=="
												}
									}
						},
						"Leaflet.vector-markers": {
									"version": "0.0.5",
									"resolved": "https://registry.npmjs.org/Leaflet.vector-markers/-/Leaflet.vector-markers-0.0.5.tgz",
									"integrity": "sha512-cOF2ufuUf2RmtkCnPJAAAf3dDySvx08opIB6WOTun75o546EWqMUjD5VPXfIPwJMc89G7Haso1Xl5TWrsZK5zw==",
									"requires": {
												"leaflet": "^0.7.0"
									}
						},
						"po2json": {
									"version": "1.0.0-beta-3",
									"resolved": "https://registry.npmjs.org/po2json/-/po2json-1.0.0-beta-3.tgz",
									"integrity": "sha512-taS8y6ZEGzPAs0rygW9CuUPY8C3Zgx6cBy31QXxG2JlWS3fLxj/kuD3cbIfXBg30PuYN7J5oyBa/TIRjyqFFtg==",
									"requires": {
												"commander": "^6.0.0",
												"gettext-parser": "2.0.0",
												"gettext-to-messageformat": "0.3.1"
									}
						},
						"safe-buffer": {
									"version": "5.2.1",
									"resolved": "https://registry.npmjs.org/safe-buffer/-/safe-buffer-5.2.1.tgz",
									"integrity": "sha512-rp3So07KcdmmKbGvgaNxQSJr7bGVSVk5S9Eq1F+ppbRo70+YeaDxkw5Dd8NPN+GD6bjnYm2VuPuCXmpuYvmCXQ=="
						},
						"safer-buffer": {
									"version": "2.1.2",
									"resolved": "https://registry.npmjs.org/safer-buffer/-/safer-buffer-2.1.2.tgz",
									"integrity": "sha512-YZo3K82SD7Riyi0E1EQPojLz7kpepnSQI9IyPbHHg1XXXevb5dJI7tpyN2ADxGcQbHG7vcyRHk0cbwqcQriUtg=="
						},
						"ui-contextmenu": {
									"version": "1.18.1",
									"resolved": "https://registry.npmjs.org/ui-contextmenu/-/ui-contextmenu-1.18.1.tgz",
									"integrity": "sha512-VoFu/71cTgCkfTBO7Q1huIosW78eIO6TLHfGIjEG57nVi7OdkcTFAKEgjCKaiwMJw3jvlZniUoJfzLXL/i+eYQ==",
									"requires": {
												"jquery": ">=1.7"
									}
						},
						"vbap-jpicker": {
									"version": "1.3.3",
									"resolved": "https://registry.npmjs.org/vbap-jpicker/-/vbap-jpicker-1.3.3.tgz",
									"integrity": "sha512-CLGpEOpXUCx0jCDblV1CkQ6QQvEFwfegIiBDwsiOoTG+ddsXh2asExGZTj4zePFMOTy+/pO9kiSTG9ATjdYPfA=="
						}
			}
}
